
Microsoft Visual Studio Solution File, Format Version 12.00
# Visual Studio Version 16
VisualStudioVersion = 16.0.31205.134
MinimumVisualStudioVersion = 10.0.40219.1
Project("{FAE04EC0-301F-11D3-BF4B-00C04F79EFBC}") = "Rang.SkillTracking.Tests.xUnit", "Rang.SkillTracking.Tests.xUnit\Rang.SkillTracking.Tests.xUnit.csproj", "{7E92E001-9F39-450F-9223-BADF5CCD17AB}"
EndProject
Global
	GlobalSection(SolutionConfigurationPlatforms) = preSolution
		Debug|Any CPU = Debug|Any CPU
		Release|Any CPU = Release|Any CPU
	EndGlobalSection
	GlobalSection(ProjectConfigurationPlatforms) = postSolution
		{7E92E001-9F39-450F-9223-BADF5CCD17AB}.Debug|Any CPU.ActiveCfg = Debug|Any CPU
		{7E92E001-9F39-450F-9223-BADF5CCD17AB}.Debug|Any CPU.Build.0 = Debug|Any CPU
		{7E92E001-9F39-450F-9223-BADF5CCD17AB}.Release|Any CPU.ActiveCfg = Release|Any CPU
		{7E92E001-9F39-450F-9223-BADF5CCD17AB}.Release|Any CPU.Build.0 = Release|Any CPU
	EndGlobalSection
	GlobalSection(SolutionProperties) = preSolution
		HideSolutionNode = FALSE
	EndGlobalSection
	GlobalSection(ExtensibilityGlobals) = postSolution
		SolutionGuid = {7C012863-52F2-47A7-AAF1-B01EDCBE4E1D}
	EndGlobalSection
EndGlobal
